
Microsoft Visual Studio Solution File, Format Version 12.00
# Visual Studio 14
VisualStudioVersion = 14.0.24720.0
MinimumVisualStudioVersion = 10.0.40219.1
Project("{FAE04EC0-301F-11D3-BF4B-00C04F79EFBC}") = "MVVMLightExample", "MVVMLightExample\MVVMLightExample.csproj", "{D975ABFC-0EE4-4E39-9E56-0938C30E5B75}"
EndProject
Global
	GlobalSection(SolutionConfigurationPlatforms) = preSolution
		Debug|Any CPU = Debug|Any CPU
		Release|Any CPU = Release|Any CPU
	EndGlobalSection
	GlobalSection(ProjectConfigurationPlatforms) = postSolution
		{D975ABFC-0EE4-4E39-9E56-0938C30E5B75}.Debug|Any CPU.ActiveCfg = Debug|Any CPU
		{D975ABFC-0EE4-4E39-9E56-0938C30E5B75}.Debug|Any CPU.Build.0 = Debug|Any CPU
		{D975ABFC-0EE4-4E39-9E56-0938C30E5B75}.Release|Any CPU.ActiveCfg = Release|Any CPU
		{D975ABFC-0EE4-4E39-9E56-0938C30E5B75}.Release|Any CPU.Build.0 = Release|Any CPU
	EndGlobalSection
	GlobalSection(SolutionProperties) = preSolution
		HideSolutionNode = FALSE
	EndGlobalSection
EndGlobal
